// !$*UTF8*$!
{
	archiveVersion = 1;
	classes = {
	};
	objectVersion = 51;
	objects = {

/* Begin PBXBuildFile section */
		24B53F8E0BDF22F49C83955F /* Pods_Parstagram.framework in Frameworks */ = {isa = PBXBuildFile; fileRef = B50059BE854F660E81C2F024 /* Pods_Parstagram.framework */; };
		26878EB825D153C3001EFBA6 /* AppDelegate.swift in Sources */ = {isa = PBXBuildFile; fileRef = 26878EB725D153C3001EFBA6 /* AppDelegate.swift */; };
		26878EBA25D153C3001EFBA6 /* SceneDelegate.swift in Sources */ = {isa = PBXBuildFile; fileRef = 26878EB925D153C3001EFBA6 /* SceneDelegate.swift */; };
		26878EBF25D153C3001EFBA6 /* Main.storyboard in Resources */ = {isa = PBXBuildFile; fileRef = 26878EBD25D153C3001EFBA6 /* Main.storyboard */; };
		26878EC125D153C4001EFBA6 /* Assets.xcassets in Resources */ = {isa = PBXBuildFile; fileRef = 26878EC025D153C4001EFBA6 /* Assets.xcassets */; };
		26878EC425D153C4001EFBA6 /* LaunchScreen.storyboard in Resources */ = {isa = PBXBuildFile; fileRef = 26878EC225D153C4001EFBA6 /* LaunchScreen.storyboard */; };
		26878ECF25D153C4001EFBA6 /* ParstagramTests.swift in Sources */ = {isa = PBXBuildFile; fileRef = 26878ECE25D153C4001EFBA6 /* ParstagramTests.swift */; };
		26878EDA25D153C4001EFBA6 /* ParstagramUITests.swift in Sources */ = {isa = PBXBuildFile; fileRef = 26878ED925D153C4001EFBA6 /* ParstagramUITests.swift */; };
		26878EFD25D16114001EFBA6 /* LoginViewController.swift in Sources */ = {isa = PBXBuildFile; fileRef = 26878EFC25D16114001EFBA6 /* LoginViewController.swift */; };
		26878F0225D1612B001EFBA6 /* FeedViewController.swift in Sources */ = {isa = PBXBuildFile; fileRef = 26878F0125D1612B001EFBA6 /* FeedViewController.swift */; };
		26878F0725D187EF001EFBA6 /* CameraViewController.swift in Sources */ = {isa = PBXBuildFile; fileRef = 26878F0625D187EF001EFBA6 /* CameraViewController.swift */; };
		26878F1725D199F5001EFBA6 /* PostCell.swift in Sources */ = {isa = PBXBuildFile; fileRef = 26878F1625D199F5001EFBA6 /* PostCell.swift */; };
		269B06FD25DC338E004A3BBB /* CommentCell.swift in Sources */ = {isa = PBXBuildFile; fileRef = 269B06FC25DC338E004A3BBB /* CommentCell.swift */; };
		8AA336215D056E00D3566EF9 /* Pods_Parstagram_ParstagramUITests.framework in Frameworks */ = {isa = PBXBuildFile; fileRef = E723AE6B5B08D39CA6BD5A95 /* Pods_Parstagram_ParstagramUITests.framework */; };
		E3633CF1608B0C78C1FF2A4B /* Pods_ParstagramTests.framework in Frameworks */ = {isa = PBXBuildFile; fileRef = 68E556E829A04284DDE790B9 /* Pods_ParstagramTests.framework */; };
/* End PBXBuildFile section */

/* Begin PBXContainerItemProxy section */
		26878ECB25D153C4001EFBA6 /* PBXContainerItemProxy */ = {
			isa = PBXContainerItemProxy;
			containerPortal = 26878EAC25D153C3001EFBA6 /* Project object */;
			proxyType = 1;
			remoteGlobalIDString = 26878EB325D153C3001EFBA6;
			remoteInfo = Parstagram;
		};
		26878ED625D153C4001EFBA6 /* PBXContainerItemProxy */ = {
			isa = PBXContainerItemProxy;
			containerPortal = 26878EAC25D153C3001EFBA6 /* Project object */;
			proxyType = 1;
			remoteGlobalIDString = 26878EB325D153C3001EFBA6;
			remoteInfo = Parstagram;
		};
/* End PBXContainerItemProxy section */

/* Begin PBXFileReference section */
		26878EB425D153C3001EFBA6 /* Parstagram.app */ = {isa = PBXFileReference; explicitFileType = wrapper.application; includeInIndex = 0; path = Parstagram.app; sourceTree = BUILT_PRODUCTS_DIR; };
		26878EB725D153C3001EFBA6 /* AppDelegate.swift */ = {isa = PBXFileReference; lastKnownFileType = sourcecode.swift; path = AppDelegate.swift; sourceTree = "<group>"; };
		26878EB925D153C3001EFBA6 /* SceneDelegate.swift */ = {isa = PBXFileReference; lastKnownFileType = sourcecode.swift; path = SceneDelegate.swift; sourceTree = "<group>"; };
		26878EBE25D153C3001EFBA6 /* Base */ = {isa = PBXFileReference; lastKnownFileType = file.storyboard; name = Base; path = Base.lproj/Main.storyboard; sourceTree = "<group>"; };
		26878EC025D153C4001EFBA6 /* Assets.xcassets */ = {isa = PBXFileReference; lastKnownFileType = folder.assetcatalog; path = Assets.xcassets; sourceTree = "<group>"; };
		26878EC325D153C4001EFBA6 /* Base */ = {isa = PBXFileReference; lastKnownFileType = file.storyboard; name = Base; path = Base.lproj/LaunchScreen.storyboard; sourceTree = "<group>"; };
		26878EC525D153C4001EFBA6 /* Info.plist */ = {isa = PBXFileReference; lastKnownFileType = text.plist.xml; path = Info.plist; sourceTree = "<group>"; };
		26878ECA25D153C4001EFBA6 /* ParstagramTests.xctest */ = {isa = PBXFileReference; explicitFileType = wrapper.cfbundle; includeInIndex = 0; path = ParstagramTests.xctest; sourceTree = BUILT_PRODUCTS_DIR; };
		26878ECE25D153C4001EFBA6 /* ParstagramTests.swift */ = {isa = PBXFileReference; lastKnownFileType = sourcecode.swift; path = ParstagramTests.swift; sourceTree = "<group>"; };
		26878ED025D153C4001EFBA6 /* Info.plist */ = {isa = PBXFileReference; lastKnownFileType = text.plist.xml; path = Info.plist; sourceTree = "<group>"; };
		26878ED525D153C4001EFBA6 /* ParstagramUITests.xctest */ = {isa = PBXFileReference; explicitFileType = wrapper.cfbundle; includeInIndex = 0; path = ParstagramUITests.xctest; sourceTree = BUILT_PRODUCTS_DIR; };
		26878ED925D153C4001EFBA6 /* ParstagramUITests.swift */ = {isa = PBXFileReference; lastKnownFileType = sourcecode.swift; path = ParstagramUITests.swift; sourceTree = "<group>"; };
		26878EDB25D153C4001EFBA6 /* Info.plist */ = {isa = PBXFileReference; lastKnownFileType = text.plist.xml; path = Info.plist; sourceTree = "<group>"; };
		26878EFC25D16114001EFBA6 /* LoginViewController.swift */ = {isa = PBXFileReference; lastKnownFileType = sourcecode.swift; path = LoginViewController.swift; sourceTree = "<group>"; };
		26878F0125D1612B001EFBA6 /* FeedViewController.swift */ = {isa = PBXFileReference; lastKnownFileType = sourcecode.swift; path = FeedViewController.swift; sourceTree = "<group>"; };
		26878F0625D187EF001EFBA6 /* CameraViewController.swift */ = {isa = PBXFileReference; lastKnownFileType = sourcecode.swift; path = CameraViewController.swift; sourceTree = "<group>"; };
		26878F1625D199F5001EFBA6 /* PostCell.swift */ = {isa = PBXFileReference; lastKnownFileType = sourcecode.swift; path = PostCell.swift; sourceTree = "<group>"; };
		269B06FC25DC338E004A3BBB /* CommentCell.swift */ = {isa = PBXFileReference; lastKnownFileType = sourcecode.swift; path = CommentCell.swift; sourceTree = "<group>"; };
		50B38C8C98CDABB6B42759C4 /* Pods-ParstagramTests.release.xcconfig */ = {isa = PBXFileReference; includeInIndex = 1; lastKnownFileType = text.xcconfig; name = "Pods-ParstagramTests.release.xcconfig"; path = "Target Support Files/Pods-ParstagramTests/Pods-ParstagramTests.release.xcconfig"; sourceTree = "<group>"; };
		68E556E829A04284DDE790B9 /* Pods_ParstagramTests.framework */ = {isa = PBXFileReference; explicitFileType = wrapper.framework; includeInIndex = 0; path = Pods_ParstagramTests.framework; sourceTree = BUILT_PRODUCTS_DIR; };
		6F44C8C8962015864009FA2D /* Pods-ParstagramTests.debug.xcconfig */ = {isa = PBXFileReference; includeInIndex = 1; lastKnownFileType = text.xcconfig; name = "Pods-ParstagramTests.debug.xcconfig"; path = "Target Support Files/Pods-ParstagramTests/Pods-ParstagramTests.debug.xcconfig"; sourceTree = "<group>"; };
		9124E338667747343528AD16 /* Pods-Parstagram-ParstagramUITests.debug.xcconfig */ = {isa = PBXFileReference; includeInIndex = 1; lastKnownFileType = text.xcconfig; name = "Pods-Parstagram-ParstagramUITests.debug.xcconfig"; path = "Target Support Files/Pods-Parstagram-ParstagramUITests/Pods-Parstagram-ParstagramUITests.debug.xcconfig"; sourceTree = "<group>"; };
		9DBB6E9A92825F2EFF446EE2 /* Pods-Parstagram.debug.xcconfig */ = {isa = PBXFileReference; includeInIndex = 1; lastKnownFileType = text.xcconfig; name = "Pods-Parstagram.debug.xcconfig"; path = "Target Support Files/Pods-Parstagram/Pods-Parstagram.debug.xcconfig"; sourceTree = "<group>"; };
		B0B04497348A9F8BC83DA2B7 /* Pods-Parstagram.release.xcconfig */ = {isa = PBXFileReference; includeInIndex = 1; lastKnownFileType = text.xcconfig; name = "Pods-Parstagram.release.xcconfig"; path = "Target Support Files/Pods-Parstagram/Pods-Parstagram.release.xcconfig"; sourceTree = "<group>"; };
		B39111A9ED139D505761831F /* Pods-Parstagram-ParstagramUITests.release.xcconfig */ = {isa = PBXFileReference; includeInIndex = 1; lastKnownFileType = text.xcconfig; name = "Pods-Parstagram-ParstagramUITests.release.xcconfig"; path = "Target Support Files/Pods-Parstagram-ParstagramUITests/Pods-Parstagram-ParstagramUITests.release.xcconfig"; sourceTree = "<group>"; };
		B50059BE854F660E81C2F024 /* Pods_Parstagram.framework */ = {isa = PBXFileReference; explicitFileType = wrapper.framework; includeInIndex = 0; path = Pods_Parstagram.framework; sourceTree = BUILT_PRODUCTS_DIR; };
		E723AE6B5B08D39CA6BD5A95 /* Pods_Parstagram_ParstagramUITests.framework */ = {isa = PBXFileReference; explicitFileType = wrapper.framework; includeInIndex = 0; path = Pods_Parstagram_ParstagramUITests.framework; sourceTree = BUILT_PRODUCTS_DIR; };
/* End PBXFileReference section */

/* Begin PBXFrameworksBuildPhase section */
		26878EB125D153C3001EFBA6 /* Frameworks */ = {
			isa = PBXFrameworksBuildPhase;
			buildActionMask = 2147483647;
			files = (
				24B53F8E0BDF22F49C83955F /* Pods_Parstagram.framework in Frameworks */,
			);
			runOnlyForDeploymentPostprocessing = 0;
		};
		26878EC725D153C4001EFBA6 /* Frameworks */ = {
			isa = PBXFrameworksBuildPhase;
			buildActionMask = 2147483647;
			files = (
				E3633CF1608B0C78C1FF2A4B /* Pods_ParstagramTests.framework in Frameworks */,
			);
			runOnlyForDeploymentPostprocessing = 0;
		};
		26878ED225D153C4001EFBA6 /* Frameworks */ = {
			isa = PBXFrameworksBuildPhase;
			buildActionMask = 2147483647;
			files = (
				8AA336215D056E00D3566EF9 /* Pods_Parstagram_ParstagramUITests.framework in Frameworks */,
			);
			runOnlyForDeploymentPostprocessing = 0;
		};
/* End PBXFrameworksBuildPhase section */

/* Begin PBXGroup section */
		26878EAB25D153C3001EFBA6 = {
			isa = PBXGroup;
			children = (
				26878EB625D153C3001EFBA6 /* Parstagram */,
				26878ECD25D153C4001EFBA6 /* ParstagramTests */,
				26878ED825D153C4001EFBA6 /* ParstagramUITests */,
				26878EB525D153C3001EFBA6 /* Products */,
				5DA52EEBA6ECF0A8DCB7EA79 /* Pods */,
				48507C60D4E2F8713C5DE871 /* Frameworks */,
			);
			sourceTree = "<group>";
		};
		26878EB525D153C3001EFBA6 /* Products */ = {
			isa = PBXGroup;
			children = (
				26878EB425D153C3001EFBA6 /* Parstagram.app */,
				26878ECA25D153C4001EFBA6 /* ParstagramTests.xctest */,
				26878ED525D153C4001EFBA6 /* ParstagramUITests.xctest */,
			);
			name = Products;
			sourceTree = "<group>";
		};
		26878EB625D153C3001EFBA6 /* Parstagram */ = {
			isa = PBXGroup;
			children = (
				26878EB725D153C3001EFBA6 /* AppDelegate.swift */,
				26878EB925D153C3001EFBA6 /* SceneDelegate.swift */,
				26878EBD25D153C3001EFBA6 /* Main.storyboard */,
				26878EC025D153C4001EFBA6 /* Assets.xcassets */,
				26878EC225D153C4001EFBA6 /* LaunchScreen.storyboard */,
				26878EC525D153C4001EFBA6 /* Info.plist */,
				26878EFC25D16114001EFBA6 /* LoginViewController.swift */,
				26878F0125D1612B001EFBA6 /* FeedViewController.swift */,
				26878F0625D187EF001EFBA6 /* CameraViewController.swift */,
				26878F1625D199F5001EFBA6 /* PostCell.swift */,
				269B06FC25DC338E004A3BBB /* CommentCell.swift */,
			);
			path = Parstagram;
			sourceTree = "<group>";
		};
		26878ECD25D153C4001EFBA6 /* ParstagramTests */ = {
			isa = PBXGroup;
			children = (
				26878ECE25D153C4001EFBA6 /* ParstagramTests.swift */,
				26878ED025D153C4001EFBA6 /* Info.plist */,
			);
			path = ParstagramTests;
			sourceTree = "<group>";
		};
		26878ED825D153C4001EFBA6 /* ParstagramUITests */ = {
			isa = PBXGroup;
			children = (
				26878ED925D153C4001EFBA6 /* ParstagramUITests.swift */,
				26878EDB25D153C4001EFBA6 /* Info.plist */,
			);
			path = ParstagramUITests;
			sourceTree = "<group>";
		};
		48507C60D4E2F8713C5DE871 /* Frameworks */ = {
			isa = PBXGroup;
			children = (
				B50059BE854F660E81C2F024 /* Pods_Parstagram.framework */,
				E723AE6B5B08D39CA6BD5A95 /* Pods_Parstagram_ParstagramUITests.framework */,
				68E556E829A04284DDE790B9 /* Pods_ParstagramTests.framework */,
			);
			name = Frameworks;
			sourceTree = "<group>";
		};
		5DA52EEBA6ECF0A8DCB7EA79 /* Pods */ = {
			isa = PBXGroup;
			children = (
				9DBB6E9A92825F2EFF446EE2 /* Pods-Parstagram.debug.xcconfig */,
				B0B04497348A9F8BC83DA2B7 /* Pods-Parstagram.release.xcconfig */,
				9124E338667747343528AD16 /* Pods-Parstagram-ParstagramUITests.debug.xcconfig */,
				B39111A9ED139D505761831F /* Pods-Parstagram-ParstagramUITests.release.xcconfig */,
				6F44C8C8962015864009FA2D /* Pods-ParstagramTests.debug.xcconfig */,
				50B38C8C98CDABB6B42759C4 /* Pods-ParstagramTests.release.xcconfig */,
			);
			path = Pods;
			sourceTree = "<group>";
		};
/* End PBXGroup section */

/* Begin PBXNativeTarget section */
		26878EB325D153C3001EFBA6 /* Parstagram */ = {
			isa = PBXNativeTarget;
			buildConfigurationList = 26878EDE25D153C4001EFBA6 /* Build configuration list for PBXNativeTarget "Parstagram" */;
			buildPhases = (
				6D32BA1713052F15F9708BAD /* [CP] Check Pods Manifest.lock */,
				26878EB025D153C3001EFBA6 /* Sources */,
				26878EB125D153C3001EFBA6 /* Frameworks */,
				26878EB225D153C3001EFBA6 /* Resources */,
				5469B219EF4A8CBB267AE40E /* [CP] Embed Pods Frameworks */,
			);
			buildRules = (
			);
			dependencies = (
			);
			name = Parstagram;
			productName = Parstagram;
			productReference = 26878EB425D153C3001EFBA6 /* Parstagram.app */;
			productType = "com.apple.product-type.application";
		};
		26878EC925D153C4001EFBA6 /* ParstagramTests */ = {
			isa = PBXNativeTarget;
			buildConfigurationList = 26878EE125D153C4001EFBA6 /* Build configuration list for PBXNativeTarget "ParstagramTests" */;
			buildPhases = (
				D04F7D9427DE1C011D34D9C0 /* [CP] Check Pods Manifest.lock */,
				26878EC625D153C4001EFBA6 /* Sources */,
				26878EC725D153C4001EFBA6 /* Frameworks */,
				26878EC825D153C4001EFBA6 /* Resources */,
			);
			buildRules = (
			);
			dependencies = (
				26878ECC25D153C4001EFBA6 /* PBXTargetDependency */,
			);
			name = ParstagramTests;
			productName = ParstagramTests;
			productReference = 26878ECA25D153C4001EFBA6 /* ParstagramTests.xctest */;
			productType = "com.apple.product-type.bundle.unit-test";
		};
		26878ED425D153C4001EFBA6 /* ParstagramUITests */ = {
			isa = PBXNativeTarget;
			buildConfigurationList = 26878EE425D153C4001EFBA6 /* Build configuration list for PBXNativeTarget "ParstagramUITests" */;
			buildPhases = (
				8623C96C091F70742F96AED7 /* [CP] Check Pods Manifest.lock */,
				26878ED125D153C4001EFBA6 /* Sources */,
				26878ED225D153C4001EFBA6 /* Frameworks */,
				26878ED325D153C4001EFBA6 /* Resources */,
				79BB4EB10B51A0A789470BB1 /* [CP] Embed Pods Frameworks */,
			);
			buildRules = (
			);
			dependencies = (
				26878ED725D153C4001EFBA6 /* PBXTargetDependency */,
			);
			name = ParstagramUITests;
			productName = ParstagramUITests;
			productReference = 26878ED525D153C4001EFBA6 /* ParstagramUITests.xctest */;
			productType = "com.apple.product-type.bundle.ui-testing";
		};
/* End PBXNativeTarget section */

/* Begin PBXProject section */
		26878EAC25D153C3001EFBA6 /* Project object */ = {
			isa = PBXProject;
			attributes = {
				LastSwiftUpdateCheck = 1230;
				LastUpgradeCheck = 1230;
				TargetAttributes = {
					26878EB325D153C3001EFBA6 = {
						CreatedOnToolsVersion = 12.3;
					};
					26878EC925D153C4001EFBA6 = {
						CreatedOnToolsVersion = 12.3;
						TestTargetID = 26878EB325D153C3001EFBA6;
					};
					26878ED425D153C4001EFBA6 = {
						CreatedOnToolsVersion = 12.3;
						TestTargetID = 26878EB325D153C3001EFBA6;
					};
				};
			};
			buildConfigurationList = 26878EAF25D153C3001EFBA6 /* Build configuration list for PBXProject "Parstagram" */;
			compatibilityVersion = "Xcode 9.3";
			developmentRegion = en;
			hasScannedForEncodings = 0;
			knownRegions = (
				en,
				Base,
			);
			mainGroup = 26878EAB25D153C3001EFBA6;
			productRefGroup = 26878EB525D153C3001EFBA6 /* Products */;
			projectDirPath = "";
			projectRoot = "";
			targets = (
				26878EB325D153C3001EFBA6 /* Parstagram */,
				26878EC925D153C4001EFBA6 /* ParstagramTests */,
				26878ED425D153C4001EFBA6 /* ParstagramUITests */,
			);
		};
/* End PBXProject section */

/* Begin PBXResourcesBuildPhase section */
		26878EB225D153C3001EFBA6 /* Resources */ = {
			isa = PBXResourcesBuildPhase;
			buildActionMask = 2147483647;
			files = (
				26878EC425D153C4001EFBA6 /* LaunchScreen.storyboard in Resources */,
				26878EC125D153C4001EFBA6 /* Assets.xcassets in Resources */,
				26878EBF25D153C3001EFBA6 /* Main.storyboard in Resources */,
			);
			runOnlyForDeploymentPostprocessing = 0;
		};
		26878EC825D153C4001EFBA6 /* Resources */ = {
			isa = PBXResourcesBuildPhase;
			buildActionMask = 2147483647;
			files = (
			);
			runOnlyForDeploymentPostprocessing = 0;
		};
		26878ED325D153C4001EFBA6 /* Resources */ = {
			isa = PBXResourcesBuildPhase;
			buildActionMask = 2147483647;
			files = (
			);
			runOnlyForDeploymentPostprocessing = 0;
		};
/* End PBXResourcesBuildPhase section */

/* Begin PBXShellScriptBuildPhase section */
		5469B219EF4A8CBB267AE40E /* [CP] Embed Pods Frameworks */ = {
			isa = PBXShellScriptBuildPhase;
			buildActionMask = 2147483647;
			files = (
			);
			inputFileListPaths = (
				"${PODS_ROOT}/Target Support Files/Pods-Parstagram/Pods-Parstagram-frameworks-${CONFIGURATION}-input-files.xcfilelist",
			);
			name = "[CP] Embed Pods Frameworks";
			outputFileListPaths = (
				"${PODS_ROOT}/Target Support Files/Pods-Parstagram/Pods-Parstagram-frameworks-${CONFIGURATION}-output-files.xcfilelist",
			);
			runOnlyForDeploymentPostprocessing = 0;
			shellPath = /bin/sh;
			shellScript = "\"${PODS_ROOT}/Target Support Files/Pods-Parstagram/Pods-Parstagram-frameworks.sh\"\n";
			showEnvVarsInLog = 0;
		};
		6D32BA1713052F15F9708BAD /* [CP] Check Pods Manifest.lock */ = {
			isa = PBXShellScriptBuildPhase;
			buildActionMask = 2147483647;
			files = (
			);
			inputFileListPaths = (
			);
			inputPaths = (
				"${PODS_PODFILE_DIR_PATH}/Podfile.lock",
				"${PODS_ROOT}/Manifest.lock",
			);
			name = "[CP] Check Pods Manifest.lock";
			outputFileListPaths = (
			);
			outputPaths = (
				"$(DERIVED_FILE_DIR)/Pods-Parstagram-checkManifestLockResult.txt",
			);
			runOnlyForDeploymentPostprocessing = 0;
			shellPath = /bin/sh;
			shellScript = "diff \"${PODS_PODFILE_DIR_PATH}/Podfile.lock\" \"${PODS_ROOT}/Manifest.lock\" > /dev/null\nif [ $? != 0 ] ; then\n    # print error to STDERR\n    echo \"error: The sandbox is not in sync with the Podfile.lock. Run 'pod install' or update your CocoaPods installation.\" >&2\n    exit 1\nfi\n# This output is used by Xcode 'outputs' to avoid re-running this script phase.\necho \"SUCCESS\" > \"${SCRIPT_OUTPUT_FILE_0}\"\n";
			showEnvVarsInLog = 0;
		};
		79BB4EB10B51A0A789470BB1 /* [CP] Embed Pods Frameworks */ = {
			isa = PBXShellScriptBuildPhase;
			buildActionMask = 2147483647;
			files = (
			);
			inputFileListPaths = (
				"${PODS_ROOT}/Target Support Files/Pods-Parstagram-ParstagramUITests/Pods-Parstagram-ParstagramUITests-frameworks-${CONFIGURATION}-input-files.xcfilelist",
			);
			name = "[CP] Embed Pods Frameworks";
			outputFileListPaths = (
				"${PODS_ROOT}/Target Support Files/Pods-Parstagram-ParstagramUITests/Pods-Parstagram-ParstagramUITests-frameworks-${CONFIGURATION}-output-files.xcfilelist",
			);
			runOnlyForDeploymentPostprocessing = 0;
			shellPath = /bin/sh;
			shellScript = "\"${PODS_ROOT}/Target Support Files/Pods-Parstagram-ParstagramUITests/Pods-Parstagram-ParstagramUITests-frameworks.sh\"\n";
			showEnvVarsInLog = 0;
		};
		8623C96C091F70742F96AED7 /* [CP] Check Pods Manifest.lock */ = {
			isa = PBXShellScriptBuildPhase;
			buildActionMask = 2147483647;
			files = (
			);
			inputFileListPaths = (
			);
			inputPaths = (
				"${PODS_PODFILE_DIR_PATH}/Podfile.lock",
				"${PODS_ROOT}/Manifest.lock",
			);
			name = "[CP] Check Pods Manifest.lock";
			outputFileListPaths = (
			);
			outputPaths = (
				"$(DERIVED_FILE_DIR)/Pods-Parstagram-ParstagramUITests-checkManifestLockResult.txt",
			);
			runOnlyForDeploymentPostprocessing = 0;
			shellPath = /bin/sh;
			shellScript = "diff \"${PODS_PODFILE_DIR_PATH}/Podfile.lock\" \"${PODS_ROOT}/Manifest.lock\" > /dev/null\nif [ $? != 0 ] ; then\n    # print error to STDERR\n    echo \"error: The sandbox is not in sync with the Podfile.lock. Run 'pod install' or update your CocoaPods installation.\" >&2\n    exit 1\nfi\n# This output is used by Xcode 'outputs' to avoid re-running this script phase.\necho \"SUCCESS\" > \"${SCRIPT_OUTPUT_FILE_0}\"\n";
			showEnvVarsInLog = 0;
		};
		D04F7D9427DE1C011D34D9C0 /* [CP] Check Pods Manifest.lock */ = {
			isa = PBXShellScriptBuildPhase;
			buildActionMask = 2147483647;
			files = (
			);
			inputFileListPaths = (
			);
			inputPaths = (
				"${PODS_PODFILE_DIR_PATH}/Podfile.lock",
				"${PODS_ROOT}/Manifest.lock",
			);
			name = "[CP] Check Pods Manifest.lock";
			outputFileListPaths = (
			);
			outputPaths = (
				"$(DERIVED_FILE_DIR)/Pods-ParstagramTests-checkManifestLockResult.txt",
			);
			runOnlyForDeploymentPostprocessing = 0;
			shellPath = /bin/sh;
			shellScript = "diff \"${PODS_PODFILE_DIR_PATH}/Podfile.lock\" \"${PODS_ROOT}/Manifest.lock\" > /dev/null\nif [ $? != 0 ] ; then\n    # print error to STDERR\n    echo \"error: The sandbox is not in sync with the Podfile.lock. Run 'pod install' or update your CocoaPods installation.\" >&2\n    exit 1\nfi\n# This output is used by Xcode 'outputs' to avoid re-running this script phase.\necho \"SUCCESS\" > \"${SCRIPT_OUTPUT_FILE_0}\"\n";
			showEnvVarsInLog = 0;
		};
/* End PBXShellScriptBuildPhase section */

/* Begin PBXSourcesBuildPhase section */
		26878EB025D153C3001EFBA6 /* Sources */ = {
			isa = PBXSourcesBuildPhase;
			buildActionMask = 2147483647;
			files = (
				26878EFD25D16114001EFBA6 /* LoginViewController.swift in Sources */,
				26878F0725D187EF001EFBA6 /* CameraViewController.swift in Sources */,
				26878EB825D153C3001EFBA6 /* AppDelegate.swift in Sources */,
				26878F0225D1612B001EFBA6 /* FeedViewController.swift in Sources */,
				26878EBA25D153C3001EFBA6 /* SceneDelegate.swift in Sources */,
				26878F1725D199F5001EFBA6 /* PostCell.swift in Sources */,
				269B06FD25DC338E004A3BBB /* CommentCell.swift in Sources */,
			);
			runOnlyForDeploymentPostprocessing = 0;
		};
		26878EC625D153C4001EFBA6 /* Sources */ = {
			isa = PBXSourcesBuildPhase;
			buildActionMask = 2147483647;
			files = (
				26878ECF25D153C4001EFBA6 /* ParstagramTests.swift in Sources */,
			);
			runOnlyForDeploymentPostprocessing = 0;
		};
		26878ED125D153C4001EFBA6 /* Sources */ = {
			isa = PBXSourcesBuildPhase;
			buildActionMask = 2147483647;
			files = (
				26878EDA25D153C4001EFBA6 /* ParstagramUITests.swift in Sources */,
			);
			runOnlyForDeploymentPostprocessing = 0;
		};
/* End PBXSourcesBuildPhase section */

/* Begin PBXTargetDependency section */
		26878ECC25D153C4001EFBA6 /* PBXTargetDependency */ = {
			isa = PBXTargetDependency;
			target = 26878EB325D153C3001EFBA6 /* Parstagram */;
			targetProxy = 26878ECB25D153C4001EFBA6 /* PBXContainerItemProxy */;
		};
		26878ED725D153C4001EFBA6 /* PBXTargetDependency */ = {
			isa = PBXTargetDependency;
			target = 26878EB325D153C3001EFBA6 /* Parstagram */;
			targetProxy = 26878ED625D153C4001EFBA6 /* PBXContainerItemProxy */;
		};
/* End PBXTargetDependency section */

/* Begin PBXVariantGroup section */
		26878EBD25D153C3001EFBA6 /* Main.storyboard */ = {
			isa = PBXVariantGroup;
			children = (
				26878EBE25D153C3001EFBA6 /* Base */,
			);
			name = Main.storyboard;
			sourceTree = "<group>";
		};
		26878EC225D153C4001EFBA6 /* LaunchScreen.storyboard */ = {
			isa = PBXVariantGroup;
			children = (
				26878EC325D153C4001EFBA6 /* Base */,
			);
			name = LaunchScreen.storyboard;
			sourceTree = "<group>";
		};
/* End PBXVariantGroup section */

/* Begin XCBuildConfiguration section */
		26878EDC25D153C4001EFBA6 /* Debug */ = {
			isa = XCBuildConfiguration;
			buildSettings = {
				ALWAYS_SEARCH_USER_PATHS = NO;
				CLANG_ANALYZER_NONNULL = YES;
				CLANG_ANALYZER_NUMBER_OBJECT_CONVERSION = YES_AGGRESSIVE;
				CLANG_CXX_LANGUAGE_STANDARD = "gnu++14";
				CLANG_CXX_LIBRARY = "libc++";
				CLANG_ENABLE_MODULES = YES;
				CLANG_ENABLE_OBJC_ARC = YES;
				CLANG_ENABLE_OBJC_WEAK = YES;
				CLANG_WARN_BLOCK_CAPTURE_AUTORELEASING = YES;
				CLANG_WARN_BOOL_CONVERSION = YES;
				CLANG_WARN_COMMA = YES;
				CLANG_WARN_CONSTANT_CONVERSION = YES;
				CLANG_WARN_DEPRECATED_OBJC_IMPLEMENTATIONS = YES;
				CLANG_WARN_DIRECT_OBJC_ISA_USAGE = YES_ERROR;
				CLANG_WARN_DOCUMENTATION_COMMENTS = YES;
				CLANG_WARN_EMPTY_BODY = YES;
				CLANG_WARN_ENUM_CONVERSION = YES;
				CLANG_WARN_INFINITE_RECURSION = YES;
				CLANG_WARN_INT_CONVERSION = YES;
				CLANG_WARN_NON_LITERAL_NULL_CONVERSION = YES;
				CLANG_WARN_OBJC_IMPLICIT_RETAIN_SELF = YES;
				CLANG_WARN_OBJC_LITERAL_CONVERSION = YES;
				CLANG_WARN_OBJC_ROOT_CLASS = YES_ERROR;
				CLANG_WARN_QUOTED_INCLUDE_IN_FRAMEWORK_HEADER = YES;
				CLANG_WARN_RANGE_LOOP_ANALYSIS = YES;
				CLANG_WARN_STRICT_PROTOTYPES = YES;
				CLANG_WARN_SUSPICIOUS_MOVE = YES;
				CLANG_WARN_UNGUARDED_AVAILABILITY = YES_AGGRESSIVE;
				CLANG_WARN_UNREACHABLE_CODE = YES;
				CLANG_WARN__DUPLICATE_METHOD_MATCH = YES;
				COPY_PHASE_STRIP = NO;
				DEBUG_INFORMATION_FORMAT = dwarf;
				ENABLE_STRICT_OBJC_MSGSEND = YES;
				ENABLE_TESTABILITY = YES;
				GCC_C_LANGUAGE_STANDARD = gnu11;
				GCC_DYNAMIC_NO_PIC = NO;
				GCC_NO_COMMON_BLOCKS = YES;
				GCC_OPTIMIZATION_LEVEL = 0;
				GCC_PREPROCESSOR_DEFINITIONS = (
					"DEBUG=1",
					"$(inherited)",
				);
				GCC_WARN_64_TO_32_BIT_CONVERSION = YES;
				GCC_WARN_ABOUT_RETURN_TYPE = YES_ERROR;
				GCC_WARN_UNDECLARED_SELECTOR = YES;
				GCC_WARN_UNINITIALIZED_AUTOS = YES_AGGRESSIVE;
				GCC_WARN_UNUSED_FUNCTION = YES;
				GCC_WARN_UNUSED_VARIABLE = YES;
				IPHONEOS_DEPLOYMENT_TARGET = 14.3;
				MTL_ENABLE_DEBUG_INFO = INCLUDE_SOURCE;
				MTL_FAST_MATH = YES;
				ONLY_ACTIVE_ARCH = YES;
				SDKROOT = iphoneos;
				SWIFT_ACTIVE_COMPILATION_CONDITIONS = DEBUG;
				SWIFT_OPTIMIZATION_LEVEL = "-Onone";
			};
			name = Debug;
		};
		26878EDD25D153C4001EFBA6 /* Release */ = {
			isa = XCBuildConfiguration;
			buildSettings = {
				ALWAYS_SEARCH_USER_PATHS = NO;
				CLANG_ANALYZER_NONNULL = YES;
				CLANG_ANALYZER_NUMBER_OBJECT_CONVERSION = YES_AGGRESSIVE;
				CLANG_CXX_LANGUAGE_STANDARD = "gnu++14";
				CLANG_CXX_LIBRARY = "libc++";
				CLANG_ENABLE_MODULES = YES;
				CLANG_ENABLE_OBJC_ARC = YES;
				CLANG_ENABLE_OBJC_WEAK = YES;
				CLANG_WARN_BLOCK_CAPTURE_AUTORELEASING = YES;
				CLANG_WARN_BOOL_CONVERSION = YES;
				CLANG_WARN_COMMA = YES;
				CLANG_WARN_CONSTANT_CONVERSION = YES;
				CLANG_WARN_DEPRECATED_OBJC_IMPLEMENTATIONS = YES;
				CLANG_WARN_DIRECT_OBJC_ISA_USAGE = YES_ERROR;
				CLANG_WARN_DOCUMENTATION_COMMENTS = YES;
				CLANG_WARN_EMPTY_BODY = YES;
				CLANG_WARN_ENUM_CONVERSION = YES;
				CLANG_WARN_INFINITE_RECURSION = YES;
				CLANG_WARN_INT_CONVERSION = YES;
				CLANG_WARN_NON_LITERAL_NULL_CONVERSION = YES;
				CLANG_WARN_OBJC_IMPLICIT_RETAIN_SELF = YES;
				CLANG_WARN_OBJC_LITERAL_CONVERSION = YES;
				CLANG_WARN_OBJC_ROOT_CLASS = YES_ERROR;
				CLANG_WARN_QUOTED_INCLUDE_IN_FRAMEWORK_HEADER = YES;
				CLANG_WARN_RANGE_LOOP_ANALYSIS = YES;
				CLANG_WARN_STRICT_PROTOTYPES = YES;
				CLANG_WARN_SUSPICIOUS_MOVE = YES;
				CLANG_WARN_UNGUARDED_AVAILABILITY = YES_AGGRESSIVE;
				CLANG_WARN_UNREACHABLE_CODE = YES;
				CLANG_WARN__DUPLICATE_METHOD_MATCH = YES;
				COPY_PHASE_STRIP = NO;
				DEBUG_INFORMATION_FORMAT = "dwarf-with-dsym";
				ENABLE_NS_ASSERTIONS = NO;
				ENABLE_STRICT_OBJC_MSGSEND = YES;
				GCC_C_LANGUAGE_STANDARD = gnu11;
				GCC_NO_COMMON_BLOCKS = YES;
				GCC_WARN_64_TO_32_BIT_CONVERSION = YES;
				GCC_WARN_ABOUT_RETURN_TYPE = YES_ERROR;
				GCC_WARN_UNDECLARED_SELECTOR = YES;
				GCC_WARN_UNINITIALIZED_AUTOS = YES_AGGRESSIVE;
				GCC_WARN_UNUSED_FUNCTION = YES;
				GCC_WARN_UNUSED_VARIABLE = YES;
				IPHONEOS_DEPLOYMENT_TARGET = 14.3;
				MTL_ENABLE_DEBUG_INFO = NO;
				MTL_FAST_MATH = YES;
				SDKROOT = iphoneos;
				SWIFT_COMPILATION_MODE = wholemodule;
				SWIFT_OPTIMIZATION_LEVEL = "-O";
				VALIDATE_PRODUCT = YES;
			};
			name = Release;
		};
		26878EDF25D153C4001EFBA6 /* Debug */ = {
			isa = XCBuildConfiguration;
			baseConfigurationReference = 9DBB6E9A92825F2EFF446EE2 /* Pods-Parstagram.debug.xcconfig */;
			buildSettings = {
				ASSETCATALOG_COMPILER_APPICON_NAME = AppIcon;
				ASSETCATALOG_COMPILER_GLOBAL_ACCENT_COLOR_NAME = AccentColor;
				CODE_SIGN_STYLE = Automatic;
				DEVELOPMENT_TEAM = QUGR6DUSUC;
				"FRAMEWORK_SEARCH_PATHS[arch=*]" = (
					"$(inherited)",
					"\"${PODS_CONFIGURATION_BUILD_DIR}/Alamofire\"",
					"\"${PODS_CONFIGURATION_BUILD_DIR}/AlamofireImage\"",
					"\"${PODS_CONFIGURATION_BUILD_DIR}/Bolts\"",
					"\"${PODS_CONFIGURATION_BUILD_DIR}/Parse\"",
				);
				INFOPLIST_FILE = Parstagram/Info.plist;
				LD_RUNPATH_SEARCH_PATHS = (
					"$(inherited)",
					"@executable_path/Frameworks",
				);
				PRODUCT_BUNDLE_IDENTIFIER = JingqiYao.Parstagram;
				PRODUCT_NAME = "$(TARGET_NAME)";
				SWIFT_VERSION = 5.0;
				TARGETED_DEVICE_FAMILY = "1,2";
			};
			name = Debug;
		};
		26878EE025D153C4001EFBA6 /* Release */ = {
			isa = XCBuildConfiguration;
			baseConfigurationReference = B0B04497348A9F8BC83DA2B7 /* Pods-Parstagram.release.xcconfig */;
			buildSettings = {
				ASSETCATALOG_COMPILER_APPICON_NAME = AppIcon;
				ASSETCATALOG_COMPILER_GLOBAL_ACCENT_COLOR_NAME = AccentColor;
				CODE_SIGN_STYLE = Automatic;
				DEVELOPMENT_TEAM = QUGR6DUSUC;
				"FRAMEWORK_SEARCH_PATHS[arch=*]" = (
					"$(inherited)",
					"\"${PODS_CONFIGURATION_BUILD_DIR}/Alamofire\"",
					"\"${PODS_CONFIGURATION_BUILD_DIR}/AlamofireImage\"",
					"\"${PODS_CONFIGURATION_BUILD_DIR}/Bolts\"",
					"\"${PODS_CONFIGURATION_BUILD_DIR}/Parse\"",
				);
				INFOPLIST_FILE = Parstagram/Info.plist;
				LD_RUNPATH_SEARCH_PATHS = (
					"$(inherited)",
					"@executable_path/Frameworks",
				);
				PRODUCT_BUNDLE_IDENTIFIER = JingqiYao.Parstagram;
				PRODUCT_NAME = "$(TARGET_NAME)";
				SWIFT_VERSION = 5.0;
				TARGETED_DEVICE_FAMILY = "1,2";
			};
			name = Release;
		};
		26878EE225D153C4001EFBA6 /* Debug */ = {
			isa = XCBuildConfiguration;
			baseConfigurationReference = 6F44C8C8962015864009FA2D /* Pods-ParstagramTests.debug.xcconfig */;
			buildSettings = {
				ALWAYS_EMBED_SWIFT_STANDARD_LIBRARIES = YES;
				BUNDLE_LOADER = "$(TEST_HOST)";
				CODE_SIGN_STYLE = Automatic;
				INFOPLIST_FILE = ParstagramTests/Info.plist;
				IPHONEOS_DEPLOYMENT_TARGET = 14.3;
				LD_RUNPATH_SEARCH_PATHS = (
					"$(inherited)",
					"@executable_path/Frameworks",
					"@loader_path/Frameworks",
				);
				PRODUCT_BUNDLE_IDENTIFIER = JingqiYao.ParstagramTests;
				PRODUCT_NAME = "$(TARGET_NAME)";
				SWIFT_VERSION = 5.0;
				TARGETED_DEVICE_FAMILY = "1,2";
				TEST_HOST = "$(BUILT_PRODUCTS_DIR)/Parstagram.app/Parstagram";
			};
			name = Debug;
		};
		26878EE325D153C4001EFBA6 /* Release */ = {
			isa = XCBuildConfiguration;
			baseConfigurationReference = 50B38C8C98CDABB6B42759C4 /* Pods-ParstagramTests.release.xcconfig */;
			buildSettings = {
				ALWAYS_EMBED_SWIFT_STANDARD_LIBRARIES = YES;
				BUNDLE_LOADER = "$(TEST_HOST)";
				CODE_SIGN_STYLE = Automatic;
				INFOPLIST_FILE = ParstagramTests/Info.plist;
				IPHONEOS_DEPLOYMENT_TARGET = 14.3;
				LD_RUNPATH_SEARCH_PATHS = (
					"$(inherited)",
					"@executable_path/Frameworks",
					"@loader_path/Frameworks",
				);
				PRODUCT_BUNDLE_IDENTIFIER = JingqiYao.ParstagramTests;
				PRODUCT_NAME = "$(TARGET_NAME)";
				SWIFT_VERSION = 5.0;
				TARGETED_DEVICE_FAMILY = "1,2";
				TEST_HOST = "$(BUILT_PRODUCTS_DIR)/Parstagram.app/Parstagram";
			};
			name = Release;
		};
		26878EE525D153C4001EFBA6 /* Debug */ = {
			isa = XCBuildConfiguration;
			baseConfigurationReference = 9124E338667747343528AD16 /* Pods-Parstagram-ParstagramUITests.debug.xcconfig */;
			buildSettings = {
				ALWAYS_EMBED_SWIFT_STANDARD_LIBRARIES = YES;
				CODE_SIGN_STYLE = Automatic;
				INFOPLIST_FILE = ParstagramUITests/Info.plist;
				LD_RUNPATH_SEARCH_PATHS = (
					"$(inherited)",
					"@executable_path/Frameworks",
					"@loader_path/Frameworks",
				);
				PRODUCT_BUNDLE_IDENTIFIER = JingqiYao.ParstagramUITests;
				PRODUCT_NAME = "$(TARGET_NAME)";
				SWIFT_VERSION = 5.0;
				TARGETED_DEVICE_FAMILY = "1,2";
				TEST_TARGET_NAME = Parstagram;
			};
			name = Debug;
		};
		26878EE625D153C4001EFBA6 /* Release */ = {
			isa = XCBuildConfiguration;
			baseConfigurationReference = B39111A9ED139D505761831F /* Pods-Parstagram-ParstagramUITests.release.xcconfig */;
			buildSettings = {
				ALWAYS_EMBED_SWIFT_STANDARD_LIBRARIES = YES;
				CODE_SIGN_STYLE = Automatic;
				INFOPLIST_FILE = ParstagramUITests/Info.plist;
				LD_RUNPATH_SEARCH_PATHS = (
					"$(inherited)",
					"@executable_path/Frameworks",
					"@loader_path/Frameworks",
				);
				PRODUCT_BUNDLE_IDENTIFIER = JingqiYao.ParstagramUITests;
				PRODUCT_NAME = "$(TARGET_NAME)";
				SWIFT_VERSION = 5.0;
				TARGETED_DEVICE_FAMILY = "1,2";
				TEST_TARGET_NAME = Parstagram;
			};
			name = Release;
		};
/* End XCBuildConfiguration section */

/* Begin XCConfigurationList section */
		26878EAF25D153C3001EFBA6 /* Build configuration list for PBXProject "Parstagram" */ = {
			isa = XCConfigurationList;
			buildConfigurations = (
				26878EDC25D153C4001EFBA6 /* Debug */,
				26878EDD25D153C4001EFBA6 /* Release */,
			);
			defaultConfigurationIsVisible = 0;
			defaultConfigurationName = Release;
		};
		26878EDE25D153C4001EFBA6 /* Build configuration list for PBXNativeTarget "Parstagram" */ = {
			isa = XCConfigurationList;
			buildConfigurations = (
				26878EDF25D153C4001EFBA6 /* Debug */,
				26878EE025D153C4001EFBA6 /* Release */,
			);
			defaultConfigurationIsVisible = 0;
			defaultConfigurationName = Release;
		};
		26878EE125D153C4001EFBA6 /* Build configuration list for PBXNativeTarget "ParstagramTests" */ = {
			isa = XCConfigurationList;
			buildConfigurations = (
				26878EE225D153C4001EFBA6 /* Debug */,
				26878EE325D153C4001EFBA6 /* Release */,
			);
			defaultConfigurationIsVisible = 0;
			defaultConfigurationName = Release;
		};
		26878EE425D153C4001EFBA6 /* Build configuration list for PBXNativeTarget "ParstagramUITests" */ = {
			isa = XCConfigurationList;
			buildConfigurations = (
				26878EE525D153C4001EFBA6 /* Debug */,
				26878EE625D153C4001EFBA6 /* Release */,
			);
			defaultConfigurationIsVisible = 0;
			defaultConfigurationName = Release;
		};
/* End XCConfigurationList section */
	};
	rootObject = 26878EAC25D153C3001EFBA6 /* Project object */;
}
